// !$*UTF8*$!
{
	archiveVersion = 1;
	classes = {
	};
	objectVersion = 48;
	objects = {

/* Begin PBXBuildFile section */
		0428535020177AF1000B8382 /* RoomManager.swift in Sources */ = {isa = PBXBuildFile; fileRef = 0428534F20177AF1000B8382 /* RoomManager.swift */; };
		042853542018A864000B8382 /* NSDate+Extensions.m in Sources */ = {isa = PBXBuildFile; fileRef = 042853532018A864000B8382 /* NSDate+Extensions.m */; };
		04306EB32013D6510038395C /* LogOut.storyboard in Resources */ = {isa = PBXBuildFile; fileRef = 04306EB22013D6510038395C /* LogOut.storyboard */; };
		04306EB52013D8460038395C /* LogOutViewController.swift in Sources */ = {isa = PBXBuildFile; fileRef = 04306EB42013D8460038395C /* LogOutViewController.swift */; };
		0452B62F200B83B40090764D /* ReservationList.swift in Sources */ = {isa = PBXBuildFile; fileRef = 0452B62D200B83B40090764D /* ReservationList.swift */; };
		0452B630200B83B40090764D /* ReservationList.xib in Resources */ = {isa = PBXBuildFile; fileRef = 0452B62E200B83B40090764D /* ReservationList.xib */; };
		0452B632200B89FE0090764D /* ReservationManager.swift in Sources */ = {isa = PBXBuildFile; fileRef = 0452B631200B89FE0090764D /* ReservationManager.swift */; };
		0452B635200C6DF00090764D /* ReservationCell.swift in Sources */ = {isa = PBXBuildFile; fileRef = 0452B633200C6DF00090764D /* ReservationCell.swift */; };
		0452B636200C6DF00090764D /* ReservationCell.xib in Resources */ = {isa = PBXBuildFile; fileRef = 0452B634200C6DF00090764D /* ReservationCell.xib */; };
		046FEB721FEFAA8800EF0872 /* AppDelegate.swift in Sources */ = {isa = PBXBuildFile; fileRef = 046FEB711FEFAA8800EF0872 /* AppDelegate.swift */; };
		046FEB771FEFAA8800EF0872 /* Main.storyboard in Resources */ = {isa = PBXBuildFile; fileRef = 046FEB751FEFAA8800EF0872 /* Main.storyboard */; };
		046FEB791FEFAA8800EF0872 /* Assets.xcassets in Resources */ = {isa = PBXBuildFile; fileRef = 046FEB781FEFAA8800EF0872 /* Assets.xcassets */; };
		046FEB7C1FEFAA8800EF0872 /* LaunchScreen.storyboard in Resources */ = {isa = PBXBuildFile; fileRef = 046FEB7A1FEFAA8800EF0872 /* LaunchScreen.storyboard */; };
		046FEB891FEFAB3D00EF0872 /* BaseViewController.swift in Sources */ = {isa = PBXBuildFile; fileRef = 046FEB881FEFAB3D00EF0872 /* BaseViewController.swift */; };
		046FEB8F1FEFABCE00EF0872 /* Reservation.swift in Sources */ = {isa = PBXBuildFile; fileRef = 046FEB8E1FEFABCE00EF0872 /* Reservation.swift */; };
		046FEB911FEFABE900EF0872 /* Room.swift in Sources */ = {isa = PBXBuildFile; fileRef = 046FEB901FEFABE900EF0872 /* Room.swift */; };
		046FEB941FEFD6ED00EF0872 /* OldBookingViewController.swift in Sources */ = {isa = PBXBuildFile; fileRef = 046FEB921FEFD6ED00EF0872 /* OldBookingViewController.swift */; };
		046FEB951FEFD6ED00EF0872 /* OldBookingViewController.xib in Resources */ = {isa = PBXBuildFile; fileRef = 046FEB931FEFD6ED00EF0872 /* OldBookingViewController.xib */; };
		046FEB981FEFDACA00EF0872 /* LoginViewController.swift in Sources */ = {isa = PBXBuildFile; fileRef = 046FEB961FEFDACA00EF0872 /* LoginViewController.swift */; };
		046FEB991FEFDACA00EF0872 /* LoginViewController.xib in Resources */ = {isa = PBXBuildFile; fileRef = 046FEB971FEFDACA00EF0872 /* LoginViewController.xib */; };
		046FEB9B1FF0017300EF0872 /* User.swift in Sources */ = {isa = PBXBuildFile; fileRef = 046FEB9A1FF0017300EF0872 /* User.swift */; };
		046FEB9D1FF0033200EF0872 /* Company.swift in Sources */ = {isa = PBXBuildFile; fileRef = 046FEB9C1FF0033200EF0872 /* Company.swift */; };
		04A2968F1FF1026D00BF9837 /* CompanyManager.swift in Sources */ = {isa = PBXBuildFile; fileRef = 04A2968E1FF1026D00BF9837 /* CompanyManager.swift */; };
		04C9F8E81FF16EA9008B47B8 /* Cell1.swift in Sources */ = {isa = PBXBuildFile; fileRef = 04C9F8E61FF16EA9008B47B8 /* Cell1.swift */; };
		04C9F8E91FF16EA9008B47B8 /* Cell1.xib in Resources */ = {isa = PBXBuildFile; fileRef = 04C9F8E71FF16EA9008B47B8 /* Cell1.xib */; };
		04FD633D20021EE400490437 /* GoogleService-Info.plist in Resources */ = {isa = PBXBuildFile; fileRef = 04FD633C20021EE400490437 /* GoogleService-Info.plist */; };
		04FD634020022BB600490437 /* ReservationBookingViewController.swift in Sources */ = {isa = PBXBuildFile; fileRef = 04FD633E20022BB600490437 /* ReservationBookingViewController.swift */; };
		04FD634120022BB600490437 /* ReservationBookingViewController.xib in Resources */ = {isa = PBXBuildFile; fileRef = 04FD633F20022BB600490437 /* ReservationBookingViewController.xib */; };
		04FD634320024E9C00490437 /* ReservationScrollView.swift in Sources */ = {isa = PBXBuildFile; fileRef = 04FD634220024E9C00490437 /* ReservationScrollView.swift */; };
		04FD634520049DB900490437 /* MockObjects.swift in Sources */ = {isa = PBXBuildFile; fileRef = 04FD634420049DB900490437 /* MockObjects.swift */; };
		04FD63472004E54000490437 /* ChooseRoomViewController.xib in Resources */ = {isa = PBXBuildFile; fileRef = 04FD63462004E54000490437 /* ChooseRoomViewController.xib */; };
		04FE653C2007657B00BE5145 /* menuList.plist in Resources */ = {isa = PBXBuildFile; fileRef = 04FE653B2007657B00BE5145 /* menuList.plist */; };
		04FE653F200B4DD800BE5145 /* ShownMenuVC.swift in Sources */ = {isa = PBXBuildFile; fileRef = 04FE653E200B4DD800BE5145 /* ShownMenuVC.swift */; };
		04FE6542200B4EC900BE5145 /* MenuViewController.swift in Sources */ = {isa = PBXBuildFile; fileRef = 04FE6540200B4EC900BE5145 /* MenuViewController.swift */; };
		04FE6543200B4EC900BE5145 /* MenuViewController.xib in Resources */ = {isa = PBXBuildFile; fileRef = 04FE6541200B4EC900BE5145 /* MenuViewController.xib */; };
		04FE6546200B59CC00BE5145 /* MenuItem.swift in Sources */ = {isa = PBXBuildFile; fileRef = 04FE6545200B59CC00BE5145 /* MenuItem.swift */; };
		04FE6548200B5D0300BE5145 /* Menu.storyboard in Resources */ = {isa = PBXBuildFile; fileRef = 04FE6547200B5D0300BE5145 /* Menu.storyboard */; };
		04FE654A200B5D2E00BE5145 /* Creation.storyboard in Resources */ = {isa = PBXBuildFile; fileRef = 04FE6549200B5D2E00BE5145 /* Creation.storyboard */; };
		04FE654C200B5D3E00BE5145 /* List.storyboard in Resources */ = {isa = PBXBuildFile; fileRef = 04FE654B200B5D3E00BE5145 /* List.storyboard */; };
		04FE66721FF25C6500EFBEC2 /* OldBookingTableViewController.swift in Sources */ = {isa = PBXBuildFile; fileRef = 04FE66711FF25C6500EFBEC2 /* OldBookingTableViewController.swift */; };
		04FE66741FF2883900EFBEC2 /* ChooseRoomViewController.swift in Sources */ = {isa = PBXBuildFile; fileRef = 04FE66731FF2883900EFBEC2 /* ChooseRoomViewController.swift */; };
		04FE667C1FF3C1DA00EFBEC2 /* ConfirmationReservationViewController.swift in Sources */ = {isa = PBXBuildFile; fileRef = 04FE667B1FF3C1DA00EFBEC2 /* ConfirmationReservationViewController.swift */; };
		04FE667E1FF3C3D400EFBEC2 /* ConfirmationReservationViewController.xib in Resources */ = {isa = PBXBuildFile; fileRef = 04FE667D1FF3C3D400EFBEC2 /* ConfirmationReservationViewController.xib */; };
		04FE66811FF3C5C200EFBEC2 /* ConfirmationTableViewCell.swift in Sources */ = {isa = PBXBuildFile; fileRef = 04FE667F1FF3C5C200EFBEC2 /* ConfirmationTableViewCell.swift */; };
		04FE66821FF3C5C200EFBEC2 /* ConfirmationTableViewCell.xib in Resources */ = {isa = PBXBuildFile; fileRef = 04FE66801FF3C5C200EFBEC2 /* ConfirmationTableViewCell.xib */; };
		B765B7A2004E312AA4E9881C /* Pods_TechCodeApp.framework in Frameworks */ = {isa = PBXBuildFile; fileRef = 7DBBC6E928B1605DD27B2F54 /* Pods_TechCodeApp.framework */; };
/* End PBXBuildFile section */

/* Begin PBXFileReference section */
		0428534F20177AF1000B8382 /* RoomManager.swift */ = {isa = PBXFileReference; lastKnownFileType = sourcecode.swift; path = RoomManager.swift; sourceTree = "<group>"; };
		042853512018A864000B8382 /* TechCodeApp-Bridging-Header.h */ = {isa = PBXFileReference; lastKnownFileType = sourcecode.c.h; path = "TechCodeApp-Bridging-Header.h"; sourceTree = "<group>"; };
		042853522018A864000B8382 /* NSDate+Extensions.h */ = {isa = PBXFileReference; lastKnownFileType = sourcecode.c.h; path = "NSDate+Extensions.h"; sourceTree = "<group>"; };
		042853532018A864000B8382 /* NSDate+Extensions.m */ = {isa = PBXFileReference; lastKnownFileType = sourcecode.c.objc; path = "NSDate+Extensions.m"; sourceTree = "<group>"; };
		04306EB22013D6510038395C /* LogOut.storyboard */ = {isa = PBXFileReference; lastKnownFileType = file.storyboard; path = LogOut.storyboard; sourceTree = "<group>"; };
		04306EB42013D8460038395C /* LogOutViewController.swift */ = {isa = PBXFileReference; lastKnownFileType = sourcecode.swift; path = LogOutViewController.swift; sourceTree = "<group>"; };
		0452B62D200B83B40090764D /* ReservationList.swift */ = {isa = PBXFileReference; lastKnownFileType = sourcecode.swift; path = ReservationList.swift; sourceTree = "<group>"; };
		0452B62E200B83B40090764D /* ReservationList.xib */ = {isa = PBXFileReference; lastKnownFileType = file.xib; path = ReservationList.xib; sourceTree = "<group>"; };
		0452B631200B89FE0090764D /* ReservationManager.swift */ = {isa = PBXFileReference; lastKnownFileType = sourcecode.swift; path = ReservationManager.swift; sourceTree = "<group>"; };
		0452B633200C6DF00090764D /* ReservationCell.swift */ = {isa = PBXFileReference; lastKnownFileType = sourcecode.swift; path = ReservationCell.swift; sourceTree = "<group>"; };
		0452B634200C6DF00090764D /* ReservationCell.xib */ = {isa = PBXFileReference; lastKnownFileType = file.xib; path = ReservationCell.xib; sourceTree = "<group>"; };
		046FEB6E1FEFAA8800EF0872 /* TechCodeApp.app */ = {isa = PBXFileReference; explicitFileType = wrapper.application; includeInIndex = 0; path = TechCodeApp.app; sourceTree = BUILT_PRODUCTS_DIR; };
		046FEB711FEFAA8800EF0872 /* AppDelegate.swift */ = {isa = PBXFileReference; lastKnownFileType = sourcecode.swift; path = AppDelegate.swift; sourceTree = "<group>"; };
		046FEB761FEFAA8800EF0872 /* Base */ = {isa = PBXFileReference; lastKnownFileType = file.storyboard; name = Base; path = Base.lproj/Main.storyboard; sourceTree = "<group>"; };
		046FEB781FEFAA8800EF0872 /* Assets.xcassets */ = {isa = PBXFileReference; lastKnownFileType = folder.assetcatalog; path = Assets.xcassets; sourceTree = "<group>"; };
		046FEB7B1FEFAA8800EF0872 /* Base */ = {isa = PBXFileReference; lastKnownFileType = file.storyboard; name = Base; path = Base.lproj/LaunchScreen.storyboard; sourceTree = "<group>"; };
		046FEB7D1FEFAA8800EF0872 /* Info.plist */ = {isa = PBXFileReference; lastKnownFileType = text.plist.xml; path = Info.plist; sourceTree = "<group>"; };
		046FEB881FEFAB3D00EF0872 /* BaseViewController.swift */ = {isa = PBXFileReference; fileEncoding = 4; lastKnownFileType = sourcecode.swift; path = BaseViewController.swift; sourceTree = "<group>"; };
		046FEB8E1FEFABCE00EF0872 /* Reservation.swift */ = {isa = PBXFileReference; lastKnownFileType = sourcecode.swift; path = Reservation.swift; sourceTree = "<group>"; };
		046FEB901FEFABE900EF0872 /* Room.swift */ = {isa = PBXFileReference; lastKnownFileType = sourcecode.swift; path = Room.swift; sourceTree = "<group>"; };
		046FEB921FEFD6ED00EF0872 /* OldBookingViewController.swift */ = {isa = PBXFileReference; fileEncoding = 4; lastKnownFileType = sourcecode.swift; path = OldBookingViewController.swift; sourceTree = "<group>"; };
		046FEB931FEFD6ED00EF0872 /* OldBookingViewController.xib */ = {isa = PBXFileReference; fileEncoding = 4; lastKnownFileType = file.xib; path = OldBookingViewController.xib; sourceTree = "<group>"; };
		046FEB961FEFDACA00EF0872 /* LoginViewController.swift */ = {isa = PBXFileReference; lastKnownFileType = sourcecode.swift; path = LoginViewController.swift; sourceTree = "<group>"; };
		046FEB971FEFDACA00EF0872 /* LoginViewController.xib */ = {isa = PBXFileReference; lastKnownFileType = file.xib; path = LoginViewController.xib; sourceTree = "<group>"; };
		046FEB9A1FF0017300EF0872 /* User.swift */ = {isa = PBXFileReference; lastKnownFileType = sourcecode.swift; path = User.swift; sourceTree = "<group>"; };
		046FEB9C1FF0033200EF0872 /* Company.swift */ = {isa = PBXFileReference; lastKnownFileType = sourcecode.swift; path = Company.swift; sourceTree = "<group>"; };
		04A2968E1FF1026D00BF9837 /* CompanyManager.swift */ = {isa = PBXFileReference; lastKnownFileType = sourcecode.swift; path = CompanyManager.swift; sourceTree = "<group>"; };
		04C9F8E61FF16EA9008B47B8 /* Cell1.swift */ = {isa = PBXFileReference; lastKnownFileType = sourcecode.swift; path = Cell1.swift; sourceTree = "<group>"; };
		04C9F8E71FF16EA9008B47B8 /* Cell1.xib */ = {isa = PBXFileReference; lastKnownFileType = file.xib; path = Cell1.xib; sourceTree = "<group>"; };
		04FD633C20021EE400490437 /* GoogleService-Info.plist */ = {isa = PBXFileReference; fileEncoding = 4; lastKnownFileType = text.plist.xml; path = "GoogleService-Info.plist"; sourceTree = "<group>"; };
		04FD633E20022BB600490437 /* ReservationBookingViewController.swift */ = {isa = PBXFileReference; lastKnownFileType = sourcecode.swift; path = ReservationBookingViewController.swift; sourceTree = "<group>"; };
		04FD633F20022BB600490437 /* ReservationBookingViewController.xib */ = {isa = PBXFileReference; lastKnownFileType = file.xib; path = ReservationBookingViewController.xib; sourceTree = "<group>"; };
		04FD634220024E9C00490437 /* ReservationScrollView.swift */ = {isa = PBXFileReference; lastKnownFileType = sourcecode.swift; path = ReservationScrollView.swift; sourceTree = "<group>"; };
		04FD634420049DB900490437 /* MockObjects.swift */ = {isa = PBXFileReference; lastKnownFileType = sourcecode.swift; path = MockObjects.swift; sourceTree = "<group>"; };
		04FD63462004E54000490437 /* ChooseRoomViewController.xib */ = {isa = PBXFileReference; lastKnownFileType = file.xib; path = ChooseRoomViewController.xib; sourceTree = "<group>"; };
		04FE653B2007657B00BE5145 /* menuList.plist */ = {isa = PBXFileReference; lastKnownFileType = text.plist.xml; path = menuList.plist; sourceTree = "<group>"; };
		04FE653D20079A2900BE5145 /* viewdeck.h */ = {isa = PBXFileReference; lastKnownFileType = sourcecode.c.h; path = viewdeck.h; sourceTree = "<group>"; };
		04FE653E200B4DD800BE5145 /* ShownMenuVC.swift */ = {isa = PBXFileReference; lastKnownFileType = sourcecode.swift; path = ShownMenuVC.swift; sourceTree = "<group>"; };
		04FE6540200B4EC900BE5145 /* MenuViewController.swift */ = {isa = PBXFileReference; fileEncoding = 4; lastKnownFileType = sourcecode.swift; path = MenuViewController.swift; sourceTree = "<group>"; };
		04FE6541200B4EC900BE5145 /* MenuViewController.xib */ = {isa = PBXFileReference; fileEncoding = 4; lastKnownFileType = file.xib; path = MenuViewController.xib; sourceTree = "<group>"; };
		04FE6544200B558A00BE5145 /* TechCodeApp-Bridge.h */ = {isa = PBXFileReference; lastKnownFileType = sourcecode.c.h; path = "TechCodeApp-Bridge.h"; sourceTree = "<group>"; };
		04FE6545200B59CC00BE5145 /* MenuItem.swift */ = {isa = PBXFileReference; lastKnownFileType = sourcecode.swift; path = MenuItem.swift; sourceTree = "<group>"; };
		04FE6547200B5D0300BE5145 /* Menu.storyboard */ = {isa = PBXFileReference; lastKnownFileType = file.storyboard; path = Menu.storyboard; sourceTree = "<group>"; };
		04FE6549200B5D2E00BE5145 /* Creation.storyboard */ = {isa = PBXFileReference; lastKnownFileType = file.storyboard; path = Creation.storyboard; sourceTree = "<group>"; };
		04FE654B200B5D3E00BE5145 /* List.storyboard */ = {isa = PBXFileReference; lastKnownFileType = file.storyboard; path = List.storyboard; sourceTree = "<group>"; };
		04FE66711FF25C6500EFBEC2 /* OldBookingTableViewController.swift */ = {isa = PBXFileReference; lastKnownFileType = sourcecode.swift; path = OldBookingTableViewController.swift; sourceTree = "<group>"; };
		04FE66731FF2883900EFBEC2 /* ChooseRoomViewController.swift */ = {isa = PBXFileReference; lastKnownFileType = sourcecode.swift; path = ChooseRoomViewController.swift; sourceTree = "<group>"; };
		04FE667B1FF3C1DA00EFBEC2 /* ConfirmationReservationViewController.swift */ = {isa = PBXFileReference; lastKnownFileType = sourcecode.swift; path = ConfirmationReservationViewController.swift; sourceTree = "<group>"; };
		04FE667D1FF3C3D400EFBEC2 /* ConfirmationReservationViewController.xib */ = {isa = PBXFileReference; lastKnownFileType = file.xib; path = ConfirmationReservationViewController.xib; sourceTree = "<group>"; };
		04FE667F1FF3C5C200EFBEC2 /* ConfirmationTableViewCell.swift */ = {isa = PBXFileReference; lastKnownFileType = sourcecode.swift; path = ConfirmationTableViewCell.swift; sourceTree = "<group>"; };
		04FE66801FF3C5C200EFBEC2 /* ConfirmationTableViewCell.xib */ = {isa = PBXFileReference; lastKnownFileType = file.xib; path = ConfirmationTableViewCell.xib; sourceTree = "<group>"; };
		3A0F6FCF92C3FFA062F6C969 /* Pods-TechCodeApp.debug.xcconfig */ = {isa = PBXFileReference; includeInIndex = 1; lastKnownFileType = text.xcconfig; name = "Pods-TechCodeApp.debug.xcconfig"; path = "Pods/Target Support Files/Pods-TechCodeApp/Pods-TechCodeApp.debug.xcconfig"; sourceTree = "<group>"; };
		7DBBC6E928B1605DD27B2F54 /* Pods_TechCodeApp.framework */ = {isa = PBXFileReference; explicitFileType = wrapper.framework; includeInIndex = 0; path = Pods_TechCodeApp.framework; sourceTree = BUILT_PRODUCTS_DIR; };
		90A7D5B66BA9F88A7942A201 /* Pods-TechCodeApp.release.xcconfig */ = {isa = PBXFileReference; includeInIndex = 1; lastKnownFileType = text.xcconfig; name = "Pods-TechCodeApp.release.xcconfig"; path = "Pods/Target Support Files/Pods-TechCodeApp/Pods-TechCodeApp.release.xcconfig"; sourceTree = "<group>"; };
/* End PBXFileReference section */

/* Begin PBXFrameworksBuildPhase section */
		046FEB6B1FEFAA8800EF0872 /* Frameworks */ = {
			isa = PBXFrameworksBuildPhase;
			buildActionMask = 2147483647;
			files = (
				B765B7A2004E312AA4E9881C /* Pods_TechCodeApp.framework in Frameworks */,
			);
			runOnlyForDeploymentPostprocessing = 0;
		};
/* End PBXFrameworksBuildPhase section */

/* Begin PBXGroup section */
		046FEB651FEFAA8800EF0872 = {
			isa = PBXGroup;
			children = (
				046FEB701FEFAA8800EF0872 /* TechCodeApp */,
				046FEB6F1FEFAA8800EF0872 /* Products */,
				58C2F0EEBE5588A85E8C2332 /* Pods */,
				FF25865F8E5FE0C3EDCA5302 /* Frameworks */,
			);
			sourceTree = "<group>";
		};
		046FEB6F1FEFAA8800EF0872 /* Products */ = {
			isa = PBXGroup;
			children = (
				046FEB6E1FEFAA8800EF0872 /* TechCodeApp.app */,
			);
			name = Products;
			sourceTree = "<group>";
		};
		046FEB701FEFAA8800EF0872 /* TechCodeApp */ = {
			isa = PBXGroup;
			children = (
				046FEB711FEFAA8800EF0872 /* AppDelegate.swift */,
				042853522018A864000B8382 /* NSDate+Extensions.h */,
				042853532018A864000B8382 /* NSDate+Extensions.m */,
				046FEB851FEFAAB200EF0872 /* Controllers */,
				046FEB841FEFAAA100EF0872 /* Views */,
				046FEB831FEFAA9A00EF0872 /* Models */,
				04FE66831FF3C5CB00EFBEC2 /* cell */,
				046FEB781FEFAA8800EF0872 /* Assets.xcassets */,
				046FEB7A1FEFAA8800EF0872 /* LaunchScreen.storyboard */,
				046FEB7D1FEFAA8800EF0872 /* Info.plist */,
				04FD633C20021EE400490437 /* GoogleService-Info.plist */,
				04FE653B2007657B00BE5145 /* menuList.plist */,
				04FE653D20079A2900BE5145 /* viewdeck.h */,
				042853512018A864000B8382 /* TechCodeApp-Bridging-Header.h */,
			);
			path = TechCodeApp;
			sourceTree = "<group>";
		};
		046FEB831FEFAA9A00EF0872 /* Models */ = {
			isa = PBXGroup;
			children = (
				046FEB8E1FEFABCE00EF0872 /* Reservation.swift */,
				046FEB901FEFABE900EF0872 /* Room.swift */,
				0428534F20177AF1000B8382 /* RoomManager.swift */,
				046FEB9A1FF0017300EF0872 /* User.swift */,
				046FEB9C1FF0033200EF0872 /* Company.swift */,
				04A2968E1FF1026D00BF9837 /* CompanyManager.swift */,
				04FE6545200B59CC00BE5145 /* MenuItem.swift */,
				04FD634420049DB900490437 /* MockObjects.swift */,
				0452B631200B89FE0090764D /* ReservationManager.swift */,
			);
			path = Models;
			sourceTree = "<group>";
		};
		046FEB841FEFAAA100EF0872 /* Views */ = {
			isa = PBXGroup;
			children = (
				0452B62E200B83B40090764D /* ReservationList.xib */,
				04FE6541200B4EC900BE5145 /* MenuViewController.xib */,
				04FD633F20022BB600490437 /* ReservationBookingViewController.xib */,
				046FEB971FEFDACA00EF0872 /* LoginViewController.xib */,
				046FEB931FEFD6ED00EF0872 /* OldBookingViewController.xib */,
				046FEB751FEFAA8800EF0872 /* Main.storyboard */,
				04FE6547200B5D0300BE5145 /* Menu.storyboard */,
				04FE6549200B5D2E00BE5145 /* Creation.storyboard */,
				04FE654B200B5D3E00BE5145 /* List.storyboard */,
				04306EB22013D6510038395C /* LogOut.storyboard */,
				04FE667D1FF3C3D400EFBEC2 /* ConfirmationReservationViewController.xib */,
				04FD63462004E54000490437 /* ChooseRoomViewController.xib */,
			);
			path = Views;
			sourceTree = "<group>";
		};
		046FEB851FEFAAB200EF0872 /* Controllers */ = {
			isa = PBXGroup;
			children = (
				04FE6540200B4EC900BE5145 /* MenuViewController.swift */,
				04FE66711FF25C6500EFBEC2 /* OldBookingTableViewController.swift */,
				046FEB961FEFDACA00EF0872 /* LoginViewController.swift */,
				046FEB921FEFD6ED00EF0872 /* OldBookingViewController.swift */,
				046FEB881FEFAB3D00EF0872 /* BaseViewController.swift */,
				04FE66731FF2883900EFBEC2 /* ChooseRoomViewController.swift */,
				04FE667B1FF3C1DA00EFBEC2 /* ConfirmationReservationViewController.swift */,
				04FD633E20022BB600490437 /* ReservationBookingViewController.swift */,
				04FD634220024E9C00490437 /* ReservationScrollView.swift */,
				04FE653E200B4DD800BE5145 /* ShownMenuVC.swift */,
				04FE6544200B558A00BE5145 /* TechCodeApp-Bridge.h */,
				0452B62D200B83B40090764D /* ReservationList.swift */,
				04306EB42013D8460038395C /* LogOutViewController.swift */,
			);
			path = Controllers;
			sourceTree = "<group>";
		};
		04FE66831FF3C5CB00EFBEC2 /* cell */ = {
			isa = PBXGroup;
			children = (
				04FE667F1FF3C5C200EFBEC2 /* ConfirmationTableViewCell.swift */,
				04FE66801FF3C5C200EFBEC2 /* ConfirmationTableViewCell.xib */,
				04C9F8E61FF16EA9008B47B8 /* Cell1.swift */,
				04C9F8E71FF16EA9008B47B8 /* Cell1.xib */,
				0452B633200C6DF00090764D /* ReservationCell.swift */,
				0452B634200C6DF00090764D /* ReservationCell.xib */,
			);
			path = cell;
			sourceTree = "<group>";
		};
		58C2F0EEBE5588A85E8C2332 /* Pods */ = {
			isa = PBXGroup;
			children = (
				3A0F6FCF92C3FFA062F6C969 /* Pods-TechCodeApp.debug.xcconfig */,
				90A7D5B66BA9F88A7942A201 /* Pods-TechCodeApp.release.xcconfig */,
			);
			name = Pods;
			sourceTree = "<group>";
		};
		FF25865F8E5FE0C3EDCA5302 /* Frameworks */ = {
			isa = PBXGroup;
			children = (
				7DBBC6E928B1605DD27B2F54 /* Pods_TechCodeApp.framework */,
			);
			name = Frameworks;
			sourceTree = "<group>";
		};
/* End PBXGroup section */

/* Begin PBXNativeTarget section */
		046FEB6D1FEFAA8800EF0872 /* TechCodeApp */ = {
			isa = PBXNativeTarget;
			buildConfigurationList = 046FEB801FEFAA8800EF0872 /* Build configuration list for PBXNativeTarget "TechCodeApp" */;
			buildPhases = (
				157E72338493914D491E5AA1 /* [CP] Check Pods Manifest.lock */,
				046FEB6A1FEFAA8800EF0872 /* Sources */,
				046FEB6B1FEFAA8800EF0872 /* Frameworks */,
				046FEB6C1FEFAA8800EF0872 /* Resources */,
				4A3E9BDC7866D2EBF7492F5F /* [CP] Embed Pods Frameworks */,
				A536AD007884D2B160CE7F10 /* [CP] Copy Pods Resources */,
			);
			buildRules = (
			);
			dependencies = (
			);
			name = TechCodeApp;
			productName = TechCodeApp;
			productReference = 046FEB6E1FEFAA8800EF0872 /* TechCodeApp.app */;
			productType = "com.apple.product-type.application";
		};
/* End PBXNativeTarget section */

/* Begin PBXProject section */
		046FEB661FEFAA8800EF0872 /* Project object */ = {
			isa = PBXProject;
			attributes = {
				LastSwiftUpdateCheck = 0910;
				LastUpgradeCheck = 0910;
				ORGANIZATIONNAME = Mac;
				TargetAttributes = {
					046FEB6D1FEFAA8800EF0872 = {
						CreatedOnToolsVersion = 9.1;
						LastSwiftMigration = 0910;
						ProvisioningStyle = Manual;
					};
				};
			};
			buildConfigurationList = 046FEB691FEFAA8800EF0872 /* Build configuration list for PBXProject "TechCodeApp" */;
			compatibilityVersion = "Xcode 8.0";
			developmentRegion = en;
			hasScannedForEncodings = 0;
			knownRegions = (
				en,
				Base,
			);
			mainGroup = 046FEB651FEFAA8800EF0872;
			productRefGroup = 046FEB6F1FEFAA8800EF0872 /* Products */;
			projectDirPath = "";
			projectRoot = "";
			targets = (
				046FEB6D1FEFAA8800EF0872 /* TechCodeApp */,
			);
		};
/* End PBXProject section */

/* Begin PBXResourcesBuildPhase section */
		046FEB6C1FEFAA8800EF0872 /* Resources */ = {
			isa = PBXResourcesBuildPhase;
			buildActionMask = 2147483647;
			files = (
				046FEB991FEFDACA00EF0872 /* LoginViewController.xib in Resources */,
				046FEB7C1FEFAA8800EF0872 /* LaunchScreen.storyboard in Resources */,
				0452B630200B83B40090764D /* ReservationList.xib in Resources */,
				04FE654C200B5D3E00BE5145 /* List.storyboard in Resources */,
				04FE6543200B4EC900BE5145 /* MenuViewController.xib in Resources */,
				04FD63472004E54000490437 /* ChooseRoomViewController.xib in Resources */,
				04306EB32013D6510038395C /* LogOut.storyboard in Resources */,
				0452B636200C6DF00090764D /* ReservationCell.xib in Resources */,
				04FD633D20021EE400490437 /* GoogleService-Info.plist in Resources */,
				04FE66821FF3C5C200EFBEC2 /* ConfirmationTableViewCell.xib in Resources */,
				04FE653C2007657B00BE5145 /* menuList.plist in Resources */,
				04FE6548200B5D0300BE5145 /* Menu.storyboard in Resources */,
				04FE667E1FF3C3D400EFBEC2 /* ConfirmationReservationViewController.xib in Resources */,
				04FE654A200B5D2E00BE5145 /* Creation.storyboard in Resources */,
				04FD634120022BB600490437 /* ReservationBookingViewController.xib in Resources */,
				04C9F8E91FF16EA9008B47B8 /* Cell1.xib in Resources */,
				046FEB951FEFD6ED00EF0872 /* OldBookingViewController.xib in Resources */,
				046FEB791FEFAA8800EF0872 /* Assets.xcassets in Resources */,
				046FEB771FEFAA8800EF0872 /* Main.storyboard in Resources */,
			);
			runOnlyForDeploymentPostprocessing = 0;
		};
/* End PBXResourcesBuildPhase section */

/* Begin PBXShellScriptBuildPhase section */
		157E72338493914D491E5AA1 /* [CP] Check Pods Manifest.lock */ = {
			isa = PBXShellScriptBuildPhase;
			buildActionMask = 2147483647;
			files = (
			);
			inputPaths = (
				"${PODS_PODFILE_DIR_PATH}/Podfile.lock",
				"${PODS_ROOT}/Manifest.lock",
			);
			name = "[CP] Check Pods Manifest.lock";
			outputPaths = (
				"$(DERIVED_FILE_DIR)/Pods-TechCodeApp-checkManifestLockResult.txt",
			);
			runOnlyForDeploymentPostprocessing = 0;
			shellPath = /bin/sh;
			shellScript = "diff \"${PODS_PODFILE_DIR_PATH}/Podfile.lock\" \"${PODS_ROOT}/Manifest.lock\" > /dev/null\nif [ $? != 0 ] ; then\n    # print error to STDERR\n    echo \"error: The sandbox is not in sync with the Podfile.lock. Run 'pod install' or update your CocoaPods installation.\" >&2\n    exit 1\nfi\n# This output is used by Xcode 'outputs' to avoid re-running this script phase.\necho \"SUCCESS\" > \"${SCRIPT_OUTPUT_FILE_0}\"\n";
			showEnvVarsInLog = 0;
		};
		4A3E9BDC7866D2EBF7492F5F /* [CP] Embed Pods Frameworks */ = {
			isa = PBXShellScriptBuildPhase;
			buildActionMask = 2147483647;
			files = (
			);
			inputPaths = (
				"${SRCROOT}/Pods/Target Support Files/Pods-TechCodeApp/Pods-TechCodeApp-frameworks.sh",
				"${BUILT_PRODUCTS_DIR}/FSCalendar/FSCalendar.framework",
				"${BUILT_PRODUCTS_DIR}/GTMSessionFetcher/GTMSessionFetcher.framework",
				"${BUILT_PRODUCTS_DIR}/GoogleToolboxForMac/GoogleToolboxForMac.framework",
				"${BUILT_PRODUCTS_DIR}/SDWebImage/SDWebImage.framework",
				"${BUILT_PRODUCTS_DIR}/ViewDeck/ViewDeck.framework",
				"${BUILT_PRODUCTS_DIR}/leveldb-library/leveldb.framework",
				"${BUILT_PRODUCTS_DIR}/nanopb/nanopb.framework",
			);
			name = "[CP] Embed Pods Frameworks";
			outputPaths = (
				"${TARGET_BUILD_DIR}/${FRAMEWORKS_FOLDER_PATH}/FSCalendar.framework",
				"${TARGET_BUILD_DIR}/${FRAMEWORKS_FOLDER_PATH}/GTMSessionFetcher.framework",
				"${TARGET_BUILD_DIR}/${FRAMEWORKS_FOLDER_PATH}/GoogleToolboxForMac.framework",
				"${TARGET_BUILD_DIR}/${FRAMEWORKS_FOLDER_PATH}/SDWebImage.framework",
				"${TARGET_BUILD_DIR}/${FRAMEWORKS_FOLDER_PATH}/ViewDeck.framework",
				"${TARGET_BUILD_DIR}/${FRAMEWORKS_FOLDER_PATH}/leveldb.framework",
				"${TARGET_BUILD_DIR}/${FRAMEWORKS_FOLDER_PATH}/nanopb.framework",
			);
			runOnlyForDeploymentPostprocessing = 0;
			shellPath = /bin/sh;
			shellScript = "\"${SRCROOT}/Pods/Target Support Files/Pods-TechCodeApp/Pods-TechCodeApp-frameworks.sh\"\n";
			showEnvVarsInLog = 0;
		};
		A536AD007884D2B160CE7F10 /* [CP] Copy Pods Resources */ = {
			isa = PBXShellScriptBuildPhase;
			buildActionMask = 2147483647;
			files = (
			);
			inputPaths = (
			);
			name = "[CP] Copy Pods Resources";
			outputPaths = (
			);
			runOnlyForDeploymentPostprocessing = 0;
			shellPath = /bin/sh;
			shellScript = "\"${SRCROOT}/Pods/Target Support Files/Pods-TechCodeApp/Pods-TechCodeApp-resources.sh\"\n";
			showEnvVarsInLog = 0;
		};
/* End PBXShellScriptBuildPhase section */

/* Begin PBXSourcesBuildPhase section */
		046FEB6A1FEFAA8800EF0872 /* Sources */ = {
			isa = PBXSourcesBuildPhase;
			buildActionMask = 2147483647;
			files = (
				04FE667C1FF3C1DA00EFBEC2 /* ConfirmationReservationViewController.swift in Sources */,
				04A2968F1FF1026D00BF9837 /* CompanyManager.swift in Sources */,
				0452B62F200B83B40090764D /* ReservationList.swift in Sources */,
				04FE66811FF3C5C200EFBEC2 /* ConfirmationTableViewCell.swift in Sources */,
				04C9F8E81FF16EA9008B47B8 /* Cell1.swift in Sources */,
				046FEB981FEFDACA00EF0872 /* LoginViewController.swift in Sources */,
				04FE66721FF25C6500EFBEC2 /* OldBookingTableViewController.swift in Sources */,
				04FD634020022BB600490437 /* ReservationBookingViewController.swift in Sources */,
				04FD634320024E9C00490437 /* ReservationScrollView.swift in Sources */,
				046FEB891FEFAB3D00EF0872 /* BaseViewController.swift in Sources */,
				046FEB8F1FEFABCE00EF0872 /* Reservation.swift in Sources */,
				0428535020177AF1000B8382 /* RoomManager.swift in Sources */,
				04FE6546200B59CC00BE5145 /* MenuItem.swift in Sources */,
				04FE6542200B4EC900BE5145 /* MenuViewController.swift in Sources */,
				04FE66741FF2883900EFBEC2 /* ChooseRoomViewController.swift in Sources */,
				046FEB721FEFAA8800EF0872 /* AppDelegate.swift in Sources */,
				046FEB941FEFD6ED00EF0872 /* OldBookingViewController.swift in Sources */,
				04FE653F200B4DD800BE5145 /* ShownMenuVC.swift in Sources */,
				042853542018A864000B8382 /* NSDate+Extensions.m in Sources */,
				0452B635200C6DF00090764D /* ReservationCell.swift in Sources */,
				046FEB911FEFABE900EF0872 /* Room.swift in Sources */,
				046FEB9B1FF0017300EF0872 /* User.swift in Sources */,
				0452B632200B89FE0090764D /* ReservationManager.swift in Sources */,
				046FEB9D1FF0033200EF0872 /* Company.swift in Sources */,
				04306EB52013D8460038395C /* LogOutViewController.swift in Sources */,
				04FD634520049DB900490437 /* MockObjects.swift in Sources */,
			);
			runOnlyForDeploymentPostprocessing = 0;
		};
/* End PBXSourcesBuildPhase section */

/* Begin PBXVariantGroup section */
		046FEB751FEFAA8800EF0872 /* Main.storyboard */ = {
			isa = PBXVariantGroup;
			children = (
				046FEB761FEFAA8800EF0872 /* Base */,
			);
			name = Main.storyboard;
			sourceTree = "<group>";
		};
		046FEB7A1FEFAA8800EF0872 /* LaunchScreen.storyboard */ = {
			isa = PBXVariantGroup;
			children = (
				046FEB7B1FEFAA8800EF0872 /* Base */,
			);
			name = LaunchScreen.storyboard;
			sourceTree = "<group>";
		};
/* End PBXVariantGroup section */

/* Begin XCBuildConfiguration section */
		046FEB7E1FEFAA8800EF0872 /* Debug */ = {
			isa = XCBuildConfiguration;
			buildSettings = {
				ALWAYS_SEARCH_USER_PATHS = NO;
				CLANG_ANALYZER_NONNULL = YES;
				CLANG_ANALYZER_NUMBER_OBJECT_CONVERSION = YES_AGGRESSIVE;
				CLANG_CXX_LANGUAGE_STANDARD = "gnu++14";
				CLANG_CXX_LIBRARY = "libc++";
				CLANG_ENABLE_MODULES = YES;
				CLANG_ENABLE_OBJC_ARC = YES;
				CLANG_WARN_BLOCK_CAPTURE_AUTORELEASING = YES;
				CLANG_WARN_BOOL_CONVERSION = YES;
				CLANG_WARN_COMMA = YES;
				CLANG_WARN_CONSTANT_CONVERSION = YES;
				CLANG_WARN_DIRECT_OBJC_ISA_USAGE = YES_ERROR;
				CLANG_WARN_DOCUMENTATION_COMMENTS = YES;
				CLANG_WARN_EMPTY_BODY = YES;
				CLANG_WARN_ENUM_CONVERSION = YES;
				CLANG_WARN_INFINITE_RECURSION = YES;
				CLANG_WARN_INT_CONVERSION = YES;
				CLANG_WARN_NON_LITERAL_NULL_CONVERSION = YES;
				CLANG_WARN_OBJC_LITERAL_CONVERSION = YES;
				CLANG_WARN_OBJC_ROOT_CLASS = YES_ERROR;
				CLANG_WARN_RANGE_LOOP_ANALYSIS = YES;
				CLANG_WARN_STRICT_PROTOTYPES = YES;
				CLANG_WARN_SUSPICIOUS_MOVE = YES;
				CLANG_WARN_UNGUARDED_AVAILABILITY = YES_AGGRESSIVE;
				CLANG_WARN_UNREACHABLE_CODE = YES;
				CLANG_WARN__DUPLICATE_METHOD_MATCH = YES;
				CODE_SIGN_IDENTITY = "iPhone Developer";
				COPY_PHASE_STRIP = NO;
				DEBUG_INFORMATION_FORMAT = dwarf;
				ENABLE_STRICT_OBJC_MSGSEND = YES;
				ENABLE_TESTABILITY = YES;
				GCC_C_LANGUAGE_STANDARD = gnu11;
				GCC_DYNAMIC_NO_PIC = NO;
				GCC_NO_COMMON_BLOCKS = YES;
				GCC_OPTIMIZATION_LEVEL = 0;
				GCC_PREPROCESSOR_DEFINITIONS = (
					"DEBUG=1",
					"$(inherited)",
				);
				GCC_WARN_64_TO_32_BIT_CONVERSION = YES;
				GCC_WARN_ABOUT_RETURN_TYPE = YES_ERROR;
				GCC_WARN_UNDECLARED_SELECTOR = YES;
				GCC_WARN_UNINITIALIZED_AUTOS = YES_AGGRESSIVE;
				GCC_WARN_UNUSED_FUNCTION = YES;
				GCC_WARN_UNUSED_VARIABLE = YES;
				IPHONEOS_DEPLOYMENT_TARGET = 11.1;
				MTL_ENABLE_DEBUG_INFO = YES;
				ONLY_ACTIVE_ARCH = YES;
				SDKROOT = iphoneos;
				SWIFT_ACTIVE_COMPILATION_CONDITIONS = DEBUG;
				SWIFT_OPTIMIZATION_LEVEL = "-Onone";
			};
			name = Debug;
		};
		046FEB7F1FEFAA8800EF0872 /* Release */ = {
			isa = XCBuildConfiguration;
			buildSettings = {
				ALWAYS_SEARCH_USER_PATHS = NO;
				CLANG_ANALYZER_NONNULL = YES;
				CLANG_ANALYZER_NUMBER_OBJECT_CONVERSION = YES_AGGRESSIVE;
				CLANG_CXX_LANGUAGE_STANDARD = "gnu++14";
				CLANG_CXX_LIBRARY = "libc++";
				CLANG_ENABLE_MODULES = YES;
				CLANG_ENABLE_OBJC_ARC = YES;
				CLANG_WARN_BLOCK_CAPTURE_AUTORELEASING = YES;
				CLANG_WARN_BOOL_CONVERSION = YES;
				CLANG_WARN_COMMA = YES;
				CLANG_WARN_CONSTANT_CONVERSION = YES;
				CLANG_WARN_DIRECT_OBJC_ISA_USAGE = YES_ERROR;
				CLANG_WARN_DOCUMENTATION_COMMENTS = YES;
				CLANG_WARN_EMPTY_BODY = YES;
				CLANG_WARN_ENUM_CONVERSION = YES;
				CLANG_WARN_INFINITE_RECURSION = YES;
				CLANG_WARN_INT_CONVERSION = YES;
				CLANG_WARN_NON_LITERAL_NULL_CONVERSION = YES;
				CLANG_WARN_OBJC_LITERAL_CONVERSION = YES;
				CLANG_WARN_OBJC_ROOT_CLASS = YES_ERROR;
				CLANG_WARN_RANGE_LOOP_ANALYSIS = YES;
				CLANG_WARN_STRICT_PROTOTYPES = YES;
				CLANG_WARN_SUSPICIOUS_MOVE = YES;
				CLANG_WARN_UNGUARDED_AVAILABILITY = YES_AGGRESSIVE;
				CLANG_WARN_UNREACHABLE_CODE = YES;
				CLANG_WARN__DUPLICATE_METHOD_MATCH = YES;
				CODE_SIGN_IDENTITY = "iPhone Developer";
				COPY_PHASE_STRIP = NO;
				DEBUG_INFORMATION_FORMAT = "dwarf-with-dsym";
				ENABLE_NS_ASSERTIONS = NO;
				ENABLE_STRICT_OBJC_MSGSEND = YES;
				GCC_C_LANGUAGE_STANDARD = gnu11;
				GCC_NO_COMMON_BLOCKS = YES;
				GCC_WARN_64_TO_32_BIT_CONVERSION = YES;
				GCC_WARN_ABOUT_RETURN_TYPE = YES_ERROR;
				GCC_WARN_UNDECLARED_SELECTOR = YES;
				GCC_WARN_UNINITIALIZED_AUTOS = YES_AGGRESSIVE;
				GCC_WARN_UNUSED_FUNCTION = YES;
				GCC_WARN_UNUSED_VARIABLE = YES;
				IPHONEOS_DEPLOYMENT_TARGET = 11.1;
				MTL_ENABLE_DEBUG_INFO = NO;
				SDKROOT = iphoneos;
				SWIFT_OPTIMIZATION_LEVEL = "-Owholemodule";
				VALIDATE_PRODUCT = YES;
			};
			name = Release;
		};
		046FEB811FEFAA8800EF0872 /* Debug */ = {
			isa = XCBuildConfiguration;
			baseConfigurationReference = 3A0F6FCF92C3FFA062F6C969 /* Pods-TechCodeApp.debug.xcconfig */;
			buildSettings = {
				ASSETCATALOG_COMPILER_APPICON_NAME = AppIcon;
				CLANG_ENABLE_MODULES = YES;
				CODE_SIGN_STYLE = Manual;
				DEVELOPMENT_TEAM = "";
				INFOPLIST_FILE = TechCodeApp/Info.plist;
				LD_RUNPATH_SEARCH_PATHS = "$(inherited) @executable_path/Frameworks";
				PRODUCT_BUNDLE_IDENTIFIER = "developers-institute.TechCodeApp";
				PRODUCT_NAME = "$(TARGET_NAME)";
				PROVISIONING_PROFILE_SPECIFIER = "";
				SWIFT_OBJC_BRIDGING_HEADER = "TechCodeApp/TechCodeApp-Bridging-Header.h";
				SWIFT_OPTIMIZATION_LEVEL = "-Onone";
				SWIFT_VERSION = 4.0;
				TARGETED_DEVICE_FAMILY = "1,2";
			};
			name = Debug;
		};
		046FEB821FEFAA8800EF0872 /* Release */ = {
			isa = XCBuildConfiguration;
			baseConfigurationReference = 90A7D5B66BA9F88A7942A201 /* Pods-TechCodeApp.release.xcconfig */;
			buildSettings = {
				ASSETCATALOG_COMPILER_APPICON_NAME = AppIcon;
				CLANG_ENABLE_MODULES = YES;
				CODE_SIGN_STYLE = Manual;
				DEVELOPMENT_TEAM = "";
				INFOPLIST_FILE = TechCodeApp/Info.plist;
				LD_RUNPATH_SEARCH_PATHS = "$(inherited) @executable_path/Frameworks";
				PRODUCT_BUNDLE_IDENTIFIER = "developers-institute.TechCodeApp";
				PRODUCT_NAME = "$(TARGET_NAME)";
				PROVISIONING_PROFILE_SPECIFIER = "";
				SWIFT_OBJC_BRIDGING_HEADER = "TechCodeApp/TechCodeApp-Bridging-Header.h";
				SWIFT_VERSION = 4.0;
				TARGETED_DEVICE_FAMILY = "1,2";
			};
			name = Release;
		};
/* End XCBuildConfiguration section */

/* Begin XCConfigurationList section */
		046FEB691FEFAA8800EF0872 /* Build configuration list for PBXProject "TechCodeApp" */ = {
			isa = XCConfigurationList;
			buildConfigurations = (
				046FEB7E1FEFAA8800EF0872 /* Debug */,
				046FEB7F1FEFAA8800EF0872 /* Release */,
			);
			defaultConfigurationIsVisible = 0;
			defaultConfigurationName = Release;
		};
		046FEB801FEFAA8800EF0872 /* Build configuration list for PBXNativeTarget "TechCodeApp" */ = {
			isa = XCConfigurationList;
			buildConfigurations = (
				046FEB811FEFAA8800EF0872 /* Debug */,
				046FEB821FEFAA8800EF0872 /* Release */,
			);
			defaultConfigurationIsVisible = 0;
			defaultConfigurationName = Release;
		};
/* End XCConfigurationList section */
	};
	rootObject = 046FEB661FEFAA8800EF0872 /* Project object */;
}
